
Microsoft Visual Studio Solution File, Format Version 12.00
# Visual Studio Version 17
VisualStudioVersion = 17.4.33122.133
MinimumVisualStudioVersion = 10.0.40219.1
Project("{FAE04EC0-301F-11D3-BF4B-00C04F79EFBC}") = "advent-of-code-2022", "advent-of-code-2022\advent-of-code-2022.csproj", "{1DC27D9C-113E-42B1-9AD1-E491C486FE85}"
EndProject
Global
	GlobalSection(SolutionConfigurationPlatforms) = preSolution
		Debug|Any CPU = Debug|Any CPU
		Release|Any CPU = Release|Any CPU
	EndGlobalSection
	GlobalSection(ProjectConfigurationPlatforms) = postSolution
		{1DC27D9C-113E-42B1-9AD1-E491C486FE85}.Debug|Any CPU.ActiveCfg = Debug|Any CPU
		{1DC27D9C-113E-42B1-9AD1-E491C486FE85}.Debug|Any CPU.Build.0 = Debug|Any CPU
		{1DC27D9C-113E-42B1-9AD1-E491C486FE85}.Release|Any CPU.ActiveCfg = Release|Any CPU
		{1DC27D9C-113E-42B1-9AD1-E491C486FE85}.Release|Any CPU.Build.0 = Release|Any CPU
	EndGlobalSection
	GlobalSection(SolutionProperties) = preSolution
		HideSolutionNode = FALSE
	EndGlobalSection
	GlobalSection(ExtensibilityGlobals) = postSolution
		SolutionGuid = {5FCD2CCA-5C01-4700-A256-F922EBA7F91D}
	EndGlobalSection
EndGlobal
